
Microsoft Visual Studio Solution File, Format Version 12.00
# Visual Studio Version 16
VisualStudioVersion = 16.0.30717.126
MinimumVisualStudioVersion = 10.0.40219.1
Project("{FAE04EC0-301F-11D3-BF4B-00C04F79EFBC}") = "Thunder Dome 3.0", "Thunder Dome 3.0\Thunder Dome 3.0.csproj", "{D47371CA-C0F8-47C0-8855-F75DD125242C}"
EndProject
Global
	GlobalSection(SolutionConfigurationPlatforms) = preSolution
		Debug|ARM = Debug|ARM
		Debug|ARM64 = Debug|ARM64
		Debug|x64 = Debug|x64
		Debug|x86 = Debug|x86
		Release|ARM = Release|ARM
		Release|ARM64 = Release|ARM64
		Release|x64 = Release|x64
		Release|x86 = Release|x86
	EndGlobalSection
	GlobalSection(ProjectConfigurationPlatforms) = postSolution
		{D47371CA-C0F8-47C0-8855-F75DD125242C}.Debug|ARM.ActiveCfg = Debug|ARM
		{D47371CA-C0F8-47C0-8855-F75DD125242C}.Debug|ARM.Build.0 = Debug|ARM
		{D47371CA-C0F8-47C0-8855-F75DD125242C}.Debug|ARM.Deploy.0 = Debug|ARM
		{D47371CA-C0F8-47C0-8855-F75DD125242C}.Debug|ARM64.ActiveCfg = Debug|ARM64
		{D47371CA-C0F8-47C0-8855-F75DD125242C}.Debug|ARM64.Build.0 = Debug|ARM64
		{D47371CA-C0F8-47C0-8855-F75DD125242C}.Debug|ARM64.Deploy.0 = Debug|ARM64
		{D47371CA-C0F8-47C0-8855-F75DD125242C}.Debug|x64.ActiveCfg = Debug|x64
		{D47371CA-C0F8-47C0-8855-F75DD125242C}.Debug|x64.Build.0 = Debug|x64
		{D47371CA-C0F8-47C0-8855-F75DD125242C}.Debug|x64.Deploy.0 = Debug|x64
		{D47371CA-C0F8-47C0-8855-F75DD125242C}.Debug|x86.ActiveCfg = Debug|x86
		{D47371CA-C0F8-47C0-8855-F75DD125242C}.Debug|x86.Build.0 = Debug|x86
		{D47371CA-C0F8-47C0-8855-F75DD125242C}.Debug|x86.Deploy.0 = Debug|x86
		{D47371CA-C0F8-47C0-8855-F75DD125242C}.Release|ARM.ActiveCfg = Release|ARM
		{D47371CA-C0F8-47C0-8855-F75DD125242C}.Release|ARM.Build.0 = Release|ARM
		{D47371CA-C0F8-47C0-8855-F75DD125242C}.Release|ARM.Deploy.0 = Release|ARM
		{D47371CA-C0F8-47C0-8855-F75DD125242C}.Release|ARM64.ActiveCfg = Release|ARM64
		{D47371CA-C0F8-47C0-8855-F75DD125242C}.Release|ARM64.Build.0 = Release|ARM64
		{D47371CA-C0F8-47C0-8855-F75DD125242C}.Release|ARM64.Deploy.0 = Release|ARM64
		{D47371CA-C0F8-47C0-8855-F75DD125242C}.Release|x64.ActiveCfg = Release|x64
		{D47371CA-C0F8-47C0-8855-F75DD125242C}.Release|x64.Build.0 = Release|x64
		{D47371CA-C0F8-47C0-8855-F75DD125242C}.Release|x64.Deploy.0 = Release|x64
		{D47371CA-C0F8-47C0-8855-F75DD125242C}.Release|x86.ActiveCfg = Release|x86
		{D47371CA-C0F8-47C0-8855-F75DD125242C}.Release|x86.Build.0 = Release|x86
		{D47371CA-C0F8-47C0-8855-F75DD125242C}.Release|x86.Deploy.0 = Release|x86
	EndGlobalSection
	GlobalSection(SolutionProperties) = preSolution
		HideSolutionNode = FALSE
	EndGlobalSection
	GlobalSection(ExtensibilityGlobals) = postSolution
		SolutionGuid = {4C8670B5-3E0D-4E65-9F84-A6343F9D8088}
	EndGlobalSection
EndGlobal
